
Microsoft Visual Studio Solution File, Format Version 12.00
# Visual Studio 15
VisualStudioVersion = 15.0.27703.2026
MinimumVisualStudioVersion = 10.0.40219.1
Project("{FAE04EC0-301F-11D3-BF4B-00C04F79EFBC}") = "Examen-1erParcial", "Examen-1erParcial\Examen-1erParcial.csproj", "{30FF9E09-28AF-4FB8-81CD-CCA5B50796D0}"
EndProject
Global
	GlobalSection(SolutionConfigurationPlatforms) = preSolution
		Debug|Any CPU = Debug|Any CPU
		Release|Any CPU = Release|Any CPU
	EndGlobalSection
	GlobalSection(ProjectConfigurationPlatforms) = postSolution
		{30FF9E09-28AF-4FB8-81CD-CCA5B50796D0}.Debug|Any CPU.ActiveCfg = Debug|Any CPU
		{30FF9E09-28AF-4FB8-81CD-CCA5B50796D0}.Debug|Any CPU.Build.0 = Debug|Any CPU
		{30FF9E09-28AF-4FB8-81CD-CCA5B50796D0}.Release|Any CPU.ActiveCfg = Release|Any CPU
		{30FF9E09-28AF-4FB8-81CD-CCA5B50796D0}.Release|Any CPU.Build.0 = Release|Any CPU
	EndGlobalSection
	GlobalSection(SolutionProperties) = preSolution
		HideSolutionNode = FALSE
	EndGlobalSection
	GlobalSection(ExtensibilityGlobals) = postSolution
		SolutionGuid = {E6127801-5DD0-47EA-A121-4508960BF82E}
	EndGlobalSection
EndGlobal
